
Microsoft Visual Studio Solution File, Format Version 12.00
Project("{FAE04EC0-301F-11D3-BF4B-00C04F79EFBC}") = "LR5", "LR5.csproj", "{B1CC25BE-7AF0-45DC-85B0-18F76E59437E}"
EndProject
Global
	GlobalSection(SolutionConfigurationPlatforms) = preSolution
		Debug|Any CPU = Debug|Any CPU
		Release|Any CPU = Release|Any CPU
	EndGlobalSection
	GlobalSection(ProjectConfigurationPlatforms) = postSolution
		{B1CC25BE-7AF0-45DC-85B0-18F76E59437E}.Debug|Any CPU.ActiveCfg = Debug|Any CPU
		{B1CC25BE-7AF0-45DC-85B0-18F76E59437E}.Debug|Any CPU.Build.0 = Debug|Any CPU
		{B1CC25BE-7AF0-45DC-85B0-18F76E59437E}.Release|Any CPU.ActiveCfg = Release|Any CPU
		{B1CC25BE-7AF0-45DC-85B0-18F76E59437E}.Release|Any CPU.Build.0 = Release|Any CPU
	EndGlobalSection
EndGlobal
